
Microsoft Visual Studio Solution File, Format Version 12.00
# Visual Studio Version 17
VisualStudioVersion = 17.6.33815.320
MinimumVisualStudioVersion = 10.0.40219.1
Project("{FAE04EC0-301F-11D3-BF4B-00C04F79EFBC}") = "JPSLB03StudentGradesProject", "JPSLB03StudentGradesProject\JPSLB03StudentGradesProject.csproj", "{1F27B63D-8E77-42AE-89FA-3609F977FB42}"
EndProject
Project("{FAE04EC0-301F-11D3-BF4B-00C04F79EFBC}") = "StudentLibrary", "LinqLibrary\StudentLibrary.csproj", "{C6E28B26-984B-4F8E-850C-8EA867676036}"
EndProject
Global
	GlobalSection(SolutionConfigurationPlatforms) = preSolution
		Debug|Any CPU = Debug|Any CPU
		Release|Any CPU = Release|Any CPU
	EndGlobalSection
	GlobalSection(ProjectConfigurationPlatforms) = postSolution
		{1F27B63D-8E77-42AE-89FA-3609F977FB42}.Debug|Any CPU.ActiveCfg = Debug|Any CPU
		{1F27B63D-8E77-42AE-89FA-3609F977FB42}.Debug|Any CPU.Build.0 = Debug|Any CPU
		{1F27B63D-8E77-42AE-89FA-3609F977FB42}.Release|Any CPU.ActiveCfg = Release|Any CPU
		{1F27B63D-8E77-42AE-89FA-3609F977FB42}.Release|Any CPU.Build.0 = Release|Any CPU
		{C6E28B26-984B-4F8E-850C-8EA867676036}.Debug|Any CPU.ActiveCfg = Debug|Any CPU
		{C6E28B26-984B-4F8E-850C-8EA867676036}.Debug|Any CPU.Build.0 = Debug|Any CPU
		{C6E28B26-984B-4F8E-850C-8EA867676036}.Release|Any CPU.ActiveCfg = Release|Any CPU
		{C6E28B26-984B-4F8E-850C-8EA867676036}.Release|Any CPU.Build.0 = Release|Any CPU
	EndGlobalSection
	GlobalSection(SolutionProperties) = preSolution
		HideSolutionNode = FALSE
	EndGlobalSection
	GlobalSection(ExtensibilityGlobals) = postSolution
		SolutionGuid = {6791687E-B8B6-4536-90B5-7DCF64C18D63}
	EndGlobalSection
EndGlobal
